
Microsoft Visual Studio Solution File, Format Version 12.00
# Visual Studio Version 16
VisualStudioVersion = 16.0.31702.278
MinimumVisualStudioVersion = 10.0.40219.1
Project("{9A19103F-16F7-4668-BE54-9A1E7A4F7556}") = "EntryPoint", "EntryPoint\EntryPoint.csproj", "{C83064DD-9709-4DF3-8428-AF26C036EA88}"
EndProject
Project("{9A19103F-16F7-4668-BE54-9A1E7A4F7556}") = "LinkedListLibray", "LinkedListLibray\LinkedListLibray.csproj", "{EFA48A67-0FD6-4A86-8F92-B5222864ED90}"
EndProject
Project("{FAE04EC0-301F-11D3-BF4B-00C04F79EFBC}") = "LinkedListTests", "LinkedListTests\LinkedListTests.csproj", "{17CB7A92-2EBF-4F65-B778-B730DBA46C11}"
EndProject
Global
	GlobalSection(SolutionConfigurationPlatforms) = preSolution
		Debug|Any CPU = Debug|Any CPU
		Release|Any CPU = Release|Any CPU
	EndGlobalSection
	GlobalSection(ProjectConfigurationPlatforms) = postSolution
		{C83064DD-9709-4DF3-8428-AF26C036EA88}.Debug|Any CPU.ActiveCfg = Debug|Any CPU
		{C83064DD-9709-4DF3-8428-AF26C036EA88}.Debug|Any CPU.Build.0 = Debug|Any CPU
		{C83064DD-9709-4DF3-8428-AF26C036EA88}.Release|Any CPU.ActiveCfg = Release|Any CPU
		{C83064DD-9709-4DF3-8428-AF26C036EA88}.Release|Any CPU.Build.0 = Release|Any CPU
		{EFA48A67-0FD6-4A86-8F92-B5222864ED90}.Debug|Any CPU.ActiveCfg = Debug|Any CPU
		{EFA48A67-0FD6-4A86-8F92-B5222864ED90}.Debug|Any CPU.Build.0 = Debug|Any CPU
		{EFA48A67-0FD6-4A86-8F92-B5222864ED90}.Release|Any CPU.ActiveCfg = Release|Any CPU
		{EFA48A67-0FD6-4A86-8F92-B5222864ED90}.Release|Any CPU.Build.0 = Release|Any CPU
		{17CB7A92-2EBF-4F65-B778-B730DBA46C11}.Debug|Any CPU.ActiveCfg = Debug|Any CPU
		{17CB7A92-2EBF-4F65-B778-B730DBA46C11}.Debug|Any CPU.Build.0 = Debug|Any CPU
		{17CB7A92-2EBF-4F65-B778-B730DBA46C11}.Release|Any CPU.ActiveCfg = Release|Any CPU
		{17CB7A92-2EBF-4F65-B778-B730DBA46C11}.Release|Any CPU.Build.0 = Release|Any CPU
	EndGlobalSection
	GlobalSection(SolutionProperties) = preSolution
		HideSolutionNode = FALSE
	EndGlobalSection
	GlobalSection(ExtensibilityGlobals) = postSolution
		SolutionGuid = {3AC29E47-FA5A-4556-8D2D-E92A806452C2}
	EndGlobalSection
EndGlobal
